
Microsoft Visual Studio Solution File, Format Version 12.00
# Visual Studio Version 17
VisualStudioVersion = 17.8.34330.188
MinimumVisualStudioVersion = 10.0.40219.1
Project("{FAE04EC0-301F-11D3-BF4B-00C04F79EFBC}") = "Intro", "Intro\Intro.csproj", "{8CE304AE-A68E-4E45-B91A-352F3BBA776F}"
EndProject
Global
	GlobalSection(SolutionConfigurationPlatforms) = preSolution
		Debug|Any CPU = Debug|Any CPU
		Release|Any CPU = Release|Any CPU
	EndGlobalSection
	GlobalSection(ProjectConfigurationPlatforms) = postSolution
		{8CE304AE-A68E-4E45-B91A-352F3BBA776F}.Debug|Any CPU.ActiveCfg = Debug|Any CPU
		{8CE304AE-A68E-4E45-B91A-352F3BBA776F}.Debug|Any CPU.Build.0 = Debug|Any CPU
		{8CE304AE-A68E-4E45-B91A-352F3BBA776F}.Release|Any CPU.ActiveCfg = Release|Any CPU
		{8CE304AE-A68E-4E45-B91A-352F3BBA776F}.Release|Any CPU.Build.0 = Release|Any CPU
	EndGlobalSection
	GlobalSection(SolutionProperties) = preSolution
		HideSolutionNode = FALSE
	EndGlobalSection
	GlobalSection(ExtensibilityGlobals) = postSolution
		SolutionGuid = {94582EE2-3744-4A74-8E93-944E01DB48F1}
	EndGlobalSection
EndGlobal
